
Microsoft Visual Studio Solution File, Format Version 12.00
# Visual Studio Version 16
VisualStudioVersion = 16.0.30406.217
MinimumVisualStudioVersion = 10.0.40219.1
Project("{FAE04EC0-301F-11D3-BF4B-00C04F79EFBC}") = "Usuarios", "Usuarios\Usuarios.csproj", "{908BBA48-4F9D-4B47-8FF5-E41D3ADDB275}"
EndProject
Global
	GlobalSection(SolutionConfigurationPlatforms) = preSolution
		Debug|Any CPU = Debug|Any CPU
		Release|Any CPU = Release|Any CPU
	EndGlobalSection
	GlobalSection(ProjectConfigurationPlatforms) = postSolution
		{908BBA48-4F9D-4B47-8FF5-E41D3ADDB275}.Debug|Any CPU.ActiveCfg = Debug|Any CPU
		{908BBA48-4F9D-4B47-8FF5-E41D3ADDB275}.Debug|Any CPU.Build.0 = Debug|Any CPU
		{908BBA48-4F9D-4B47-8FF5-E41D3ADDB275}.Release|Any CPU.ActiveCfg = Release|Any CPU
		{908BBA48-4F9D-4B47-8FF5-E41D3ADDB275}.Release|Any CPU.Build.0 = Release|Any CPU
	EndGlobalSection
	GlobalSection(SolutionProperties) = preSolution
		HideSolutionNode = FALSE
	EndGlobalSection
	GlobalSection(ExtensibilityGlobals) = postSolution
		SolutionGuid = {CC7B0EFE-5E67-4147-AF14-6D89BB96DB83}
	EndGlobalSection
EndGlobal
